
Microsoft Visual Studio Solution File, Format Version 12.00
# Visual Studio Version 17
VisualStudioVersion = 17.9.34728.123
MinimumVisualStudioVersion = 10.0.40219.1
Project("{9A19103F-16F7-4668-BE54-9A1E7A4F7556}") = "WebApi", "WebApi\WebApi.csproj", "{04B3711A-3B83-4FF8-91B3-EA70EFF081DA}"
EndProject
Project("{E53339B2-1760-4266-BCC7-CA923CBCF16C}") = "docker-compose", "docker-compose.dcproj", "{CBE115E4-EAB1-402A-9462-E74AC9CD9F6C}"
EndProject
Project("{2150E333-8FDC-42A3-9474-1A3956D46DE8}") = "RabbitMq", "RabbitMq", "{01BCFEFE-89B5-49B0-AA17-0EAE0A265242}"
EndProject
Project("{9A19103F-16F7-4668-BE54-9A1E7A4F7556}") = "Send", "..\Send\Send.csproj", "{907A1A50-94F8-4C14-9065-D41FAEB6F8A5}"
EndProject
Project("{9A19103F-16F7-4668-BE54-9A1E7A4F7556}") = "Receive", "..\Receive\Receive.csproj", "{2EC89581-C94E-4A81-9B61-667A46F5F1F9}"
EndProject
Project("{2150E333-8FDC-42A3-9474-1A3956D46DE8}") = "SendReceive", "SendReceive", "{8E742042-A207-4802-9E21-E9EAE561F87A}"
EndProject
Project("{2150E333-8FDC-42A3-9474-1A3956D46DE8}") = "ConsumerPublisher", "ConsumerPublisher", "{69A8805D-BB4E-470E-990F-C7CD3D2613B2}"
EndProject
Project("{9A19103F-16F7-4668-BE54-9A1E7A4F7556}") = "Consumer", "..\Consumer\Consumer.csproj", "{6592A3C3-A778-4E51-A43C-C3CAEB1F90E2}"
EndProject
Project("{9A19103F-16F7-4668-BE54-9A1E7A4F7556}") = "Publisher", "..\Publisher\Publisher.csproj", "{3D6D40D8-85DE-4688-852D-88C6866AC432}"
EndProject
Project("{2150E333-8FDC-42A3-9474-1A3956D46DE8}") = "PublishSubscribe", "PublishSubscribe", "{60E64042-36C6-4922-A260-DBC6725E9DB8}"
EndProject
Project("{9A19103F-16F7-4668-BE54-9A1E7A4F7556}") = "EmitLogs", "..\EmitLogs\EmitLogs.csproj", "{0C2E514D-6632-49DF-AE1D-C1BD0F4F9964}"
EndProject
Project("{9A19103F-16F7-4668-BE54-9A1E7A4F7556}") = "ReceiveLogs", "..\ReceiveLogs\ReceiveLogs.csproj", "{EBBC6FCB-0B57-4187-96D8-FAFA38BFCEE2}"
EndProject
Project("{2150E333-8FDC-42A3-9474-1A3956D46DE8}") = "Routing", "Routing", "{81027605-7919-4915-AB76-10ED45CD8912}"
EndProject
Project("{9A19103F-16F7-4668-BE54-9A1E7A4F7556}") = "EmitLogDirect", "..\EmitLogDirect\EmitLogDirect.csproj", "{37034843-155B-4E8F-A621-DCCC581DF09A}"
EndProject
Project("{9A19103F-16F7-4668-BE54-9A1E7A4F7556}") = "ReceiveLogsDirect", "..\ReceiveLogsDirect\ReceiveLogsDirect.csproj", "{BB0CCDC6-7293-426A-9795-4AEB12963A0C}"
EndProject
Project("{2150E333-8FDC-42A3-9474-1A3956D46DE8}") = "InvestmentGuru", "InvestmentGuru", "{84C87A2D-EF33-463C-8417-1977E432ACDA}"
EndProject
Project("{2150E333-8FDC-42A3-9474-1A3956D46DE8}") = "StocksDataPublisher", "StocksDataPublisher", "{678A776C-809A-458F-A05F-628C94423D60}"
EndProject
Project("{9A19103F-16F7-4668-BE54-9A1E7A4F7556}") = "DataPublisher", "..\DataPublisher\DataPublisher.csproj", "{86382E40-3D69-43B7-8C96-3C75ABB0C630}"
EndProject
Project("{2150E333-8FDC-42A3-9474-1A3956D46DE8}") = "StocksDataConsumer", "StocksDataConsumer", "{1066857B-1CEF-4DFE-BFF4-57C76CF6EDC2}"
EndProject
Project("{9A19103F-16F7-4668-BE54-9A1E7A4F7556}") = "DataConsumer", "..\StocksDataConsumer\DataConsumer.csproj", "{31CC66E3-CC51-47E3-8D92-04B4304A17A6}"
EndProject
Project("{2150E333-8FDC-42A3-9474-1A3956D46DE8}") = "DurableExchange", "DurableExchange", "{C802EEF2-239F-4E73-B5FA-F019A9B69D47}"
EndProject
Project("{9A19103F-16F7-4668-BE54-9A1E7A4F7556}") = "DurableExchangeProucer", "..\DurableExchangeProucer\DurableExchangeProucer.csproj", "{DBC43A9C-F33B-4F63-AEDE-C012A4968B8D}"
EndProject
Project("{9A19103F-16F7-4668-BE54-9A1E7A4F7556}") = "DurableExchangeConsumer", "..\DurableExchangeConsumer\DurableExchangeConsumer.csproj", "{1FB16C89-2FB4-4481-8711-95F42233620E}"
EndProject
Project("{9A19103F-16F7-4668-BE54-9A1E7A4F7556}") = "GetPricesConsole", "..\GetPricesConsole\GetPricesConsole.csproj", "{651167A4-6422-4AF7-93F4-208FB4D100FB}"
EndProject
Project("{9A19103F-16F7-4668-BE54-9A1E7A4F7556}") = "WebApi", "..\WebApi\WebApi.csproj", "{E2E2A44F-2F5D-43DA-8FA8-8101D1F53654}"
EndProject
Project("{9A19103F-16F7-4668-BE54-9A1E7A4F7556}") = "DbModels", "..\DbModels\DbModels.csproj", "{5D5E33C9-1BB8-478F-8DEB-8ABB1F26B0E3}"
EndProject
Project("{9A19103F-16F7-4668-BE54-9A1E7A4F7556}") = "StocksLibrary", "..\StocksLibrary\StocksLibrary.csproj", "{53AB32D6-5654-4F22-BC84-55AD1B5AEFFC}"
EndProject
Global
	GlobalSection(SolutionConfigurationPlatforms) = preSolution
		Debug|Any CPU = Debug|Any CPU
		Release|Any CPU = Release|Any CPU
	EndGlobalSection
	GlobalSection(ProjectConfigurationPlatforms) = postSolution
		{04B3711A-3B83-4FF8-91B3-EA70EFF081DA}.Debug|Any CPU.ActiveCfg = Debug|Any CPU
		{04B3711A-3B83-4FF8-91B3-EA70EFF081DA}.Debug|Any CPU.Build.0 = Debug|Any CPU
		{04B3711A-3B83-4FF8-91B3-EA70EFF081DA}.Release|Any CPU.ActiveCfg = Release|Any CPU
		{04B3711A-3B83-4FF8-91B3-EA70EFF081DA}.Release|Any CPU.Build.0 = Release|Any CPU
		{CBE115E4-EAB1-402A-9462-E74AC9CD9F6C}.Debug|Any CPU.ActiveCfg = Debug|Any CPU
		{CBE115E4-EAB1-402A-9462-E74AC9CD9F6C}.Debug|Any CPU.Build.0 = Debug|Any CPU
		{CBE115E4-EAB1-402A-9462-E74AC9CD9F6C}.Release|Any CPU.ActiveCfg = Release|Any CPU
		{CBE115E4-EAB1-402A-9462-E74AC9CD9F6C}.Release|Any CPU.Build.0 = Release|Any CPU
		{907A1A50-94F8-4C14-9065-D41FAEB6F8A5}.Debug|Any CPU.ActiveCfg = Debug|Any CPU
		{907A1A50-94F8-4C14-9065-D41FAEB6F8A5}.Debug|Any CPU.Build.0 = Debug|Any CPU
		{907A1A50-94F8-4C14-9065-D41FAEB6F8A5}.Release|Any CPU.ActiveCfg = Release|Any CPU
		{907A1A50-94F8-4C14-9065-D41FAEB6F8A5}.Release|Any CPU.Build.0 = Release|Any CPU
		{2EC89581-C94E-4A81-9B61-667A46F5F1F9}.Debug|Any CPU.ActiveCfg = Debug|Any CPU
		{2EC89581-C94E-4A81-9B61-667A46F5F1F9}.Debug|Any CPU.Build.0 = Debug|Any CPU
		{2EC89581-C94E-4A81-9B61-667A46F5F1F9}.Release|Any CPU.ActiveCfg = Release|Any CPU
		{2EC89581-C94E-4A81-9B61-667A46F5F1F9}.Release|Any CPU.Build.0 = Release|Any CPU
		{6592A3C3-A778-4E51-A43C-C3CAEB1F90E2}.Debug|Any CPU.ActiveCfg = Debug|Any CPU
		{6592A3C3-A778-4E51-A43C-C3CAEB1F90E2}.Debug|Any CPU.Build.0 = Debug|Any CPU
		{6592A3C3-A778-4E51-A43C-C3CAEB1F90E2}.Release|Any CPU.ActiveCfg = Release|Any CPU
		{6592A3C3-A778-4E51-A43C-C3CAEB1F90E2}.Release|Any CPU.Build.0 = Release|Any CPU
		{3D6D40D8-85DE-4688-852D-88C6866AC432}.Debug|Any CPU.ActiveCfg = Debug|Any CPU
		{3D6D40D8-85DE-4688-852D-88C6866AC432}.Debug|Any CPU.Build.0 = Debug|Any CPU
		{3D6D40D8-85DE-4688-852D-88C6866AC432}.Release|Any CPU.ActiveCfg = Release|Any CPU
		{3D6D40D8-85DE-4688-852D-88C6866AC432}.Release|Any CPU.Build.0 = Release|Any CPU
		{0C2E514D-6632-49DF-AE1D-C1BD0F4F9964}.Debug|Any CPU.ActiveCfg = Debug|Any CPU
		{0C2E514D-6632-49DF-AE1D-C1BD0F4F9964}.Debug|Any CPU.Build.0 = Debug|Any CPU
		{0C2E514D-6632-49DF-AE1D-C1BD0F4F9964}.Release|Any CPU.ActiveCfg = Release|Any CPU
		{0C2E514D-6632-49DF-AE1D-C1BD0F4F9964}.Release|Any CPU.Build.0 = Release|Any CPU
		{EBBC6FCB-0B57-4187-96D8-FAFA38BFCEE2}.Debug|Any CPU.ActiveCfg = Debug|Any CPU
		{EBBC6FCB-0B57-4187-96D8-FAFA38BFCEE2}.Debug|Any CPU.Build.0 = Debug|Any CPU
		{EBBC6FCB-0B57-4187-96D8-FAFA38BFCEE2}.Release|Any CPU.ActiveCfg = Release|Any CPU
		{EBBC6FCB-0B57-4187-96D8-FAFA38BFCEE2}.Release|Any CPU.Build.0 = Release|Any CPU
		{37034843-155B-4E8F-A621-DCCC581DF09A}.Debug|Any CPU.ActiveCfg = Debug|Any CPU
		{37034843-155B-4E8F-A621-DCCC581DF09A}.Debug|Any CPU.Build.0 = Debug|Any CPU
		{37034843-155B-4E8F-A621-DCCC581DF09A}.Release|Any CPU.ActiveCfg = Release|Any CPU
		{37034843-155B-4E8F-A621-DCCC581DF09A}.Release|Any CPU.Build.0 = Release|Any CPU
		{BB0CCDC6-7293-426A-9795-4AEB12963A0C}.Debug|Any CPU.ActiveCfg = Debug|Any CPU
		{BB0CCDC6-7293-426A-9795-4AEB12963A0C}.Debug|Any CPU.Build.0 = Debug|Any CPU
		{BB0CCDC6-7293-426A-9795-4AEB12963A0C}.Release|Any CPU.ActiveCfg = Release|Any CPU
		{BB0CCDC6-7293-426A-9795-4AEB12963A0C}.Release|Any CPU.Build.0 = Release|Any CPU
		{86382E40-3D69-43B7-8C96-3C75ABB0C630}.Debug|Any CPU.ActiveCfg = Debug|Any CPU
		{86382E40-3D69-43B7-8C96-3C75ABB0C630}.Debug|Any CPU.Build.0 = Debug|Any CPU
		{86382E40-3D69-43B7-8C96-3C75ABB0C630}.Release|Any CPU.ActiveCfg = Release|Any CPU
		{86382E40-3D69-43B7-8C96-3C75ABB0C630}.Release|Any CPU.Build.0 = Release|Any CPU
		{31CC66E3-CC51-47E3-8D92-04B4304A17A6}.Debug|Any CPU.ActiveCfg = Debug|Any CPU
		{31CC66E3-CC51-47E3-8D92-04B4304A17A6}.Debug|Any CPU.Build.0 = Debug|Any CPU
		{31CC66E3-CC51-47E3-8D92-04B4304A17A6}.Release|Any CPU.ActiveCfg = Release|Any CPU
		{31CC66E3-CC51-47E3-8D92-04B4304A17A6}.Release|Any CPU.Build.0 = Release|Any CPU
		{DBC43A9C-F33B-4F63-AEDE-C012A4968B8D}.Debug|Any CPU.ActiveCfg = Debug|Any CPU
		{DBC43A9C-F33B-4F63-AEDE-C012A4968B8D}.Debug|Any CPU.Build.0 = Debug|Any CPU
		{DBC43A9C-F33B-4F63-AEDE-C012A4968B8D}.Release|Any CPU.ActiveCfg = Release|Any CPU
		{DBC43A9C-F33B-4F63-AEDE-C012A4968B8D}.Release|Any CPU.Build.0 = Release|Any CPU
		{1FB16C89-2FB4-4481-8711-95F42233620E}.Debug|Any CPU.ActiveCfg = Debug|Any CPU
		{1FB16C89-2FB4-4481-8711-95F42233620E}.Debug|Any CPU.Build.0 = Debug|Any CPU
		{1FB16C89-2FB4-4481-8711-95F42233620E}.Release|Any CPU.ActiveCfg = Release|Any CPU
		{1FB16C89-2FB4-4481-8711-95F42233620E}.Release|Any CPU.Build.0 = Release|Any CPU
		{651167A4-6422-4AF7-93F4-208FB4D100FB}.Debug|Any CPU.ActiveCfg = Debug|Any CPU
		{651167A4-6422-4AF7-93F4-208FB4D100FB}.Debug|Any CPU.Build.0 = Debug|Any CPU
		{651167A4-6422-4AF7-93F4-208FB4D100FB}.Release|Any CPU.ActiveCfg = Release|Any CPU
		{651167A4-6422-4AF7-93F4-208FB4D100FB}.Release|Any CPU.Build.0 = Release|Any CPU
		{E2E2A44F-2F5D-43DA-8FA8-8101D1F53654}.Debug|Any CPU.ActiveCfg = Debug|Any CPU
		{E2E2A44F-2F5D-43DA-8FA8-8101D1F53654}.Debug|Any CPU.Build.0 = Debug|Any CPU
		{E2E2A44F-2F5D-43DA-8FA8-8101D1F53654}.Release|Any CPU.ActiveCfg = Release|Any CPU
		{E2E2A44F-2F5D-43DA-8FA8-8101D1F53654}.Release|Any CPU.Build.0 = Release|Any CPU
		{5D5E33C9-1BB8-478F-8DEB-8ABB1F26B0E3}.Debug|Any CPU.ActiveCfg = Debug|Any CPU
		{5D5E33C9-1BB8-478F-8DEB-8ABB1F26B0E3}.Debug|Any CPU.Build.0 = Debug|Any CPU
		{5D5E33C9-1BB8-478F-8DEB-8ABB1F26B0E3}.Release|Any CPU.ActiveCfg = Release|Any CPU
		{5D5E33C9-1BB8-478F-8DEB-8ABB1F26B0E3}.Release|Any CPU.Build.0 = Release|Any CPU
		{53AB32D6-5654-4F22-BC84-55AD1B5AEFFC}.Debug|Any CPU.ActiveCfg = Debug|Any CPU
		{53AB32D6-5654-4F22-BC84-55AD1B5AEFFC}.Debug|Any CPU.Build.0 = Debug|Any CPU
		{53AB32D6-5654-4F22-BC84-55AD1B5AEFFC}.Release|Any CPU.ActiveCfg = Release|Any CPU
		{53AB32D6-5654-4F22-BC84-55AD1B5AEFFC}.Release|Any CPU.Build.0 = Release|Any CPU
	EndGlobalSection
	GlobalSection(SolutionProperties) = preSolution
		HideSolutionNode = FALSE
	EndGlobalSection
	GlobalSection(NestedProjects) = preSolution
		{04B3711A-3B83-4FF8-91B3-EA70EFF081DA} = {84C87A2D-EF33-463C-8417-1977E432ACDA}
		{907A1A50-94F8-4C14-9065-D41FAEB6F8A5} = {8E742042-A207-4802-9E21-E9EAE561F87A}
		{2EC89581-C94E-4A81-9B61-667A46F5F1F9} = {8E742042-A207-4802-9E21-E9EAE561F87A}
		{8E742042-A207-4802-9E21-E9EAE561F87A} = {01BCFEFE-89B5-49B0-AA17-0EAE0A265242}
		{69A8805D-BB4E-470E-990F-C7CD3D2613B2} = {01BCFEFE-89B5-49B0-AA17-0EAE0A265242}
		{6592A3C3-A778-4E51-A43C-C3CAEB1F90E2} = {69A8805D-BB4E-470E-990F-C7CD3D2613B2}
		{3D6D40D8-85DE-4688-852D-88C6866AC432} = {69A8805D-BB4E-470E-990F-C7CD3D2613B2}
		{60E64042-36C6-4922-A260-DBC6725E9DB8} = {01BCFEFE-89B5-49B0-AA17-0EAE0A265242}
		{0C2E514D-6632-49DF-AE1D-C1BD0F4F9964} = {60E64042-36C6-4922-A260-DBC6725E9DB8}
		{EBBC6FCB-0B57-4187-96D8-FAFA38BFCEE2} = {60E64042-36C6-4922-A260-DBC6725E9DB8}
		{81027605-7919-4915-AB76-10ED45CD8912} = {01BCFEFE-89B5-49B0-AA17-0EAE0A265242}
		{37034843-155B-4E8F-A621-DCCC581DF09A} = {81027605-7919-4915-AB76-10ED45CD8912}
		{BB0CCDC6-7293-426A-9795-4AEB12963A0C} = {81027605-7919-4915-AB76-10ED45CD8912}
		{678A776C-809A-458F-A05F-628C94423D60} = {84C87A2D-EF33-463C-8417-1977E432ACDA}
		{86382E40-3D69-43B7-8C96-3C75ABB0C630} = {678A776C-809A-458F-A05F-628C94423D60}
		{1066857B-1CEF-4DFE-BFF4-57C76CF6EDC2} = {84C87A2D-EF33-463C-8417-1977E432ACDA}
		{31CC66E3-CC51-47E3-8D92-04B4304A17A6} = {1066857B-1CEF-4DFE-BFF4-57C76CF6EDC2}
		{C802EEF2-239F-4E73-B5FA-F019A9B69D47} = {01BCFEFE-89B5-49B0-AA17-0EAE0A265242}
		{DBC43A9C-F33B-4F63-AEDE-C012A4968B8D} = {C802EEF2-239F-4E73-B5FA-F019A9B69D47}
		{1FB16C89-2FB4-4481-8711-95F42233620E} = {C802EEF2-239F-4E73-B5FA-F019A9B69D47}
	EndGlobalSection
	GlobalSection(ExtensibilityGlobals) = postSolution
		SolutionGuid = {F061B58A-59C1-43CB-AC2D-36ADBA8AC369}
	EndGlobalSection
EndGlobal
